
Microsoft Visual Studio Solution File, Format Version 12.00
# Visual Studio 15
VisualStudioVersion = 15.0.28307.489
MinimumVisualStudioVersion = 10.0.40219.1
Project("{8BC9CEB8-8B4A-11D0-8D11-00A0C91BC942}") = "cpp_oop_project", "cpp_oop_project\cpp_oop_project.vcxproj", "{0582F411-DF84-40E5-A895-6A6EB9292743}"
EndProject
Global
	GlobalSection(SolutionConfigurationPlatforms) = preSolution
		Debug|x64 = Debug|x64
		Debug|x86 = Debug|x86
		Release|x64 = Release|x64
		Release|x86 = Release|x86
	EndGlobalSection
	GlobalSection(ProjectConfigurationPlatforms) = postSolution
		{0582F411-DF84-40E5-A895-6A6EB9292743}.Debug|x64.ActiveCfg = Debug|x64
		{0582F411-DF84-40E5-A895-6A6EB9292743}.Debug|x64.Build.0 = Debug|x64
		{0582F411-DF84-40E5-A895-6A6EB9292743}.Debug|x86.ActiveCfg = Debug|Win32
		{0582F411-DF84-40E5-A895-6A6EB9292743}.Debug|x86.Build.0 = Debug|Win32
		{0582F411-DF84-40E5-A895-6A6EB9292743}.Release|x64.ActiveCfg = Release|x64
		{0582F411-DF84-40E5-A895-6A6EB9292743}.Release|x64.Build.0 = Release|x64
		{0582F411-DF84-40E5-A895-6A6EB9292743}.Release|x86.ActiveCfg = Release|Win32
		{0582F411-DF84-40E5-A895-6A6EB9292743}.Release|x86.Build.0 = Release|Win32
	EndGlobalSection
	GlobalSection(SolutionProperties) = preSolution
		HideSolutionNode = FALSE
	EndGlobalSection
	GlobalSection(ExtensibilityGlobals) = postSolution
		SolutionGuid = {C554C203-ABA2-40D8-A8B9-B0305B15CEB1}
	EndGlobalSection
EndGlobal
